
Microsoft Visual Studio Solution File, Format Version 12.00
# Visual Studio Version 17
VisualStudioVersion = 17.5.2.0
MinimumVisualStudioVersion = 10.0.40219.1
Project("{2150E333-8FDC-42A3-9474-1A3956D46DE8}") = "src", "src", "{827E0CD3-B72D-47B6-A68D-7590B98EB39B}"
EndProject
Project("{2150E333-8FDC-42A3-9474-1A3956D46DE8}") = "RetailCore.Backend", "RetailCore.Backend", "{56152233-BF5B-23A3-848B-243A185786FE}"
EndProject
Project("{FAE04EC0-301F-11D3-BF4B-00C04F79EFBC}") = "RetailCore.Api", "src\RetailCore.Backend\RetailCore.Api\RetailCore.Api.csproj", "{88E6D505-4570-4AEF-ACFE-90A7FEE6FBAA}"
EndProject
Project("{FAE04EC0-301F-11D3-BF4B-00C04F79EFBC}") = "RetailCore.Services", "src\RetailCore.Backend\RetailCore.Services\RetailCore.Services.csproj", "{542E8455-E5FB-42F1-BCF1-902DE874069F}"
EndProject
Project("{FAE04EC0-301F-11D3-BF4B-00C04F79EFBC}") = "RetailCore.Repositories", "src\RetailCore.Backend\RetailCore.Repositories\RetailCore.Repositories.csproj", "{956EFEDC-8FCA-4834-A3DC-A426BE243D06}"
EndProject
Project("{FAE04EC0-301F-11D3-BF4B-00C04F79EFBC}") = "RetailCore.Shared", "src\RetailCore.Shared\RetailCore.Shared.csproj", "{3D620D67-44D0-4BD6-8F5A-D8E811E5F372}"
EndProject
Project("{FAE04EC0-301F-11D3-BF4B-00C04F79EFBC}") = "RetailCore.Customer", "src\RetailCore.Customer\RetailCore.Customer.csproj", "{B72D27AD-7146-47B0-9412-29315BDD27A5}"
EndProject
Project("{2150E333-8FDC-42A3-9474-1A3956D46DE8}") = "tests", "tests", "{0AB3BF05-4346-4AA6-1389-037BE0695223}"
EndProject
Project("{FAE04EC0-301F-11D3-BF4B-00C04F79EFBC}") = "RetailCore.UnitTests", "tests\RetailCore.UnitTests\RetailCore.UnitTests.csproj", "{712DD703-DC45-4BA0-B186-BA481F77C94E}"
EndProject
Project("{FAE04EC0-301F-11D3-BF4B-00C04F79EFBC}") = "RetailCore.IntegrationTests", "tests\RetailCore.IntegrationTests\RetailCore.IntegrationTests.csproj", "{2EA36426-0252-4B31-A349-B9688013F4F0}"
EndProject
Global
	GlobalSection(SolutionConfigurationPlatforms) = preSolution
		Debug|Any CPU = Debug|Any CPU
		Debug|x64 = Debug|x64
		Debug|x86 = Debug|x86
		Release|Any CPU = Release|Any CPU
		Release|x64 = Release|x64
		Release|x86 = Release|x86
	EndGlobalSection
	GlobalSection(ProjectConfigurationPlatforms) = postSolution
		{88E6D505-4570-4AEF-ACFE-90A7FEE6FBAA}.Debug|Any CPU.ActiveCfg = Debug|Any CPU
		{88E6D505-4570-4AEF-ACFE-90A7FEE6FBAA}.Debug|Any CPU.Build.0 = Debug|Any CPU
		{88E6D505-4570-4AEF-ACFE-90A7FEE6FBAA}.Debug|x64.ActiveCfg = Debug|Any CPU
		{88E6D505-4570-4AEF-ACFE-90A7FEE6FBAA}.Debug|x64.Build.0 = Debug|Any CPU
		{88E6D505-4570-4AEF-ACFE-90A7FEE6FBAA}.Debug|x86.ActiveCfg = Debug|Any CPU
		{88E6D505-4570-4AEF-ACFE-90A7FEE6FBAA}.Debug|x86.Build.0 = Debug|Any CPU
		{88E6D505-4570-4AEF-ACFE-90A7FEE6FBAA}.Release|Any CPU.ActiveCfg = Release|Any CPU
		{88E6D505-4570-4AEF-ACFE-90A7FEE6FBAA}.Release|Any CPU.Build.0 = Release|Any CPU
		{88E6D505-4570-4AEF-ACFE-90A7FEE6FBAA}.Release|x64.ActiveCfg = Release|Any CPU
		{88E6D505-4570-4AEF-ACFE-90A7FEE6FBAA}.Release|x64.Build.0 = Release|Any CPU
		{88E6D505-4570-4AEF-ACFE-90A7FEE6FBAA}.Release|x86.ActiveCfg = Release|Any CPU
		{88E6D505-4570-4AEF-ACFE-90A7FEE6FBAA}.Release|x86.Build.0 = Release|Any CPU
		{542E8455-E5FB-42F1-BCF1-902DE874069F}.Debug|Any CPU.ActiveCfg = Debug|Any CPU
		{542E8455-E5FB-42F1-BCF1-902DE874069F}.Debug|Any CPU.Build.0 = Debug|Any CPU
		{542E8455-E5FB-42F1-BCF1-902DE874069F}.Debug|x64.ActiveCfg = Debug|Any CPU
		{542E8455-E5FB-42F1-BCF1-902DE874069F}.Debug|x64.Build.0 = Debug|Any CPU
		{542E8455-E5FB-42F1-BCF1-902DE874069F}.Debug|x86.ActiveCfg = Debug|Any CPU
		{542E8455-E5FB-42F1-BCF1-902DE874069F}.Debug|x86.Build.0 = Debug|Any CPU
		{542E8455-E5FB-42F1-BCF1-902DE874069F}.Release|Any CPU.ActiveCfg = Release|Any CPU
		{542E8455-E5FB-42F1-BCF1-902DE874069F}.Release|Any CPU.Build.0 = Release|Any CPU
		{542E8455-E5FB-42F1-BCF1-902DE874069F}.Release|x64.ActiveCfg = Release|Any CPU
		{542E8455-E5FB-42F1-BCF1-902DE874069F}.Release|x64.Build.0 = Release|Any CPU
		{542E8455-E5FB-42F1-BCF1-902DE874069F}.Release|x86.ActiveCfg = Release|Any CPU
		{542E8455-E5FB-42F1-BCF1-902DE874069F}.Release|x86.Build.0 = Release|Any CPU
		{956EFEDC-8FCA-4834-A3DC-A426BE243D06}.Debug|Any CPU.ActiveCfg = Debug|Any CPU
		{956EFEDC-8FCA-4834-A3DC-A426BE243D06}.Debug|Any CPU.Build.0 = Debug|Any CPU
		{956EFEDC-8FCA-4834-A3DC-A426BE243D06}.Debug|x64.ActiveCfg = Debug|Any CPU
		{956EFEDC-8FCA-4834-A3DC-A426BE243D06}.Debug|x64.Build.0 = Debug|Any CPU
		{956EFEDC-8FCA-4834-A3DC-A426BE243D06}.Debug|x86.ActiveCfg = Debug|Any CPU
		{956EFEDC-8FCA-4834-A3DC-A426BE243D06}.Debug|x86.Build.0 = Debug|Any CPU
		{956EFEDC-8FCA-4834-A3DC-A426BE243D06}.Release|Any CPU.ActiveCfg = Release|Any CPU
		{956EFEDC-8FCA-4834-A3DC-A426BE243D06}.Release|Any CPU.Build.0 = Release|Any CPU
		{956EFEDC-8FCA-4834-A3DC-A426BE243D06}.Release|x64.ActiveCfg = Release|Any CPU
		{956EFEDC-8FCA-4834-A3DC-A426BE243D06}.Release|x64.Build.0 = Release|Any CPU
		{956EFEDC-8FCA-4834-A3DC-A426BE243D06}.Release|x86.ActiveCfg = Release|Any CPU
		{956EFEDC-8FCA-4834-A3DC-A426BE243D06}.Release|x86.Build.0 = Release|Any CPU
		{3D620D67-44D0-4BD6-8F5A-D8E811E5F372}.Debug|Any CPU.ActiveCfg = Debug|Any CPU
		{3D620D67-44D0-4BD6-8F5A-D8E811E5F372}.Debug|Any CPU.Build.0 = Debug|Any CPU
		{3D620D67-44D0-4BD6-8F5A-D8E811E5F372}.Debug|x64.ActiveCfg = Debug|Any CPU
		{3D620D67-44D0-4BD6-8F5A-D8E811E5F372}.Debug|x64.Build.0 = Debug|Any CPU
		{3D620D67-44D0-4BD6-8F5A-D8E811E5F372}.Debug|x86.ActiveCfg = Debug|Any CPU
		{3D620D67-44D0-4BD6-8F5A-D8E811E5F372}.Debug|x86.Build.0 = Debug|Any CPU
		{3D620D67-44D0-4BD6-8F5A-D8E811E5F372}.Release|Any CPU.ActiveCfg = Release|Any CPU
		{3D620D67-44D0-4BD6-8F5A-D8E811E5F372}.Release|Any CPU.Build.0 = Release|Any CPU
		{3D620D67-44D0-4BD6-8F5A-D8E811E5F372}.Release|x64.ActiveCfg = Release|Any CPU
		{3D620D67-44D0-4BD6-8F5A-D8E811E5F372}.Release|x64.Build.0 = Release|Any CPU
		{3D620D67-44D0-4BD6-8F5A-D8E811E5F372}.Release|x86.ActiveCfg = Release|Any CPU
		{3D620D67-44D0-4BD6-8F5A-D8E811E5F372}.Release|x86.Build.0 = Release|Any CPU
		{B72D27AD-7146-47B0-9412-29315BDD27A5}.Debug|Any CPU.ActiveCfg = Debug|Any CPU
		{B72D27AD-7146-47B0-9412-29315BDD27A5}.Debug|Any CPU.Build.0 = Debug|Any CPU
		{B72D27AD-7146-47B0-9412-29315BDD27A5}.Debug|x64.ActiveCfg = Debug|Any CPU
		{B72D27AD-7146-47B0-9412-29315BDD27A5}.Debug|x64.Build.0 = Debug|Any CPU
		{B72D27AD-7146-47B0-9412-29315BDD27A5}.Debug|x86.ActiveCfg = Debug|Any CPU
		{B72D27AD-7146-47B0-9412-29315BDD27A5}.Debug|x86.Build.0 = Debug|Any CPU
		{B72D27AD-7146-47B0-9412-29315BDD27A5}.Release|Any CPU.ActiveCfg = Release|Any CPU
		{B72D27AD-7146-47B0-9412-29315BDD27A5}.Release|Any CPU.Build.0 = Release|Any CPU
		{B72D27AD-7146-47B0-9412-29315BDD27A5}.Release|x64.ActiveCfg = Release|Any CPU
		{B72D27AD-7146-47B0-9412-29315BDD27A5}.Release|x64.Build.0 = Release|Any CPU
		{B72D27AD-7146-47B0-9412-29315BDD27A5}.Release|x86.ActiveCfg = Release|Any CPU
		{B72D27AD-7146-47B0-9412-29315BDD27A5}.Release|x86.Build.0 = Release|Any CPU
		{712DD703-DC45-4BA0-B186-BA481F77C94E}.Debug|Any CPU.ActiveCfg = Debug|Any CPU
		{712DD703-DC45-4BA0-B186-BA481F77C94E}.Debug|Any CPU.Build.0 = Debug|Any CPU
		{712DD703-DC45-4BA0-B186-BA481F77C94E}.Debug|x64.ActiveCfg = Debug|Any CPU
		{712DD703-DC45-4BA0-B186-BA481F77C94E}.Debug|x64.Build.0 = Debug|Any CPU
		{712DD703-DC45-4BA0-B186-BA481F77C94E}.Debug|x86.ActiveCfg = Debug|Any CPU
		{712DD703-DC45-4BA0-B186-BA481F77C94E}.Debug|x86.Build.0 = Debug|Any CPU
		{712DD703-DC45-4BA0-B186-BA481F77C94E}.Release|Any CPU.ActiveCfg = Release|Any CPU
		{712DD703-DC45-4BA0-B186-BA481F77C94E}.Release|Any CPU.Build.0 = Release|Any CPU
		{712DD703-DC45-4BA0-B186-BA481F77C94E}.Release|x64.ActiveCfg = Release|Any CPU
		{712DD703-DC45-4BA0-B186-BA481F77C94E}.Release|x64.Build.0 = Release|Any CPU
		{712DD703-DC45-4BA0-B186-BA481F77C94E}.Release|x86.ActiveCfg = Release|Any CPU
		{712DD703-DC45-4BA0-B186-BA481F77C94E}.Release|x86.Build.0 = Release|Any CPU
		{2EA36426-0252-4B31-A349-B9688013F4F0}.Debug|Any CPU.ActiveCfg = Debug|Any CPU
		{2EA36426-0252-4B31-A349-B9688013F4F0}.Debug|Any CPU.Build.0 = Debug|Any CPU
		{2EA36426-0252-4B31-A349-B9688013F4F0}.Debug|x64.ActiveCfg = Debug|Any CPU
		{2EA36426-0252-4B31-A349-B9688013F4F0}.Debug|x64.Build.0 = Debug|Any CPU
		{2EA36426-0252-4B31-A349-B9688013F4F0}.Debug|x86.ActiveCfg = Debug|Any CPU
		{2EA36426-0252-4B31-A349-B9688013F4F0}.Debug|x86.Build.0 = Debug|Any CPU
		{2EA36426-0252-4B31-A349-B9688013F4F0}.Release|Any CPU.ActiveCfg = Release|Any CPU
		{2EA36426-0252-4B31-A349-B9688013F4F0}.Release|Any CPU.Build.0 = Release|Any CPU
		{2EA36426-0252-4B31-A349-B9688013F4F0}.Release|x64.ActiveCfg = Release|Any CPU
		{2EA36426-0252-4B31-A349-B9688013F4F0}.Release|x64.Build.0 = Release|Any CPU
		{2EA36426-0252-4B31-A349-B9688013F4F0}.Release|x86.ActiveCfg = Release|Any CPU
		{2EA36426-0252-4B31-A349-B9688013F4F0}.Release|x86.Build.0 = Release|Any CPU
	EndGlobalSection
	GlobalSection(SolutionProperties) = preSolution
		HideSolutionNode = FALSE
	EndGlobalSection
	GlobalSection(NestedProjects) = preSolution
		{56152233-BF5B-23A3-848B-243A185786FE} = {827E0CD3-B72D-47B6-A68D-7590B98EB39B}
		{88E6D505-4570-4AEF-ACFE-90A7FEE6FBAA} = {56152233-BF5B-23A3-848B-243A185786FE}
		{542E8455-E5FB-42F1-BCF1-902DE874069F} = {56152233-BF5B-23A3-848B-243A185786FE}
		{956EFEDC-8FCA-4834-A3DC-A426BE243D06} = {56152233-BF5B-23A3-848B-243A185786FE}
		{3D620D67-44D0-4BD6-8F5A-D8E811E5F372} = {827E0CD3-B72D-47B6-A68D-7590B98EB39B}
		{B72D27AD-7146-47B0-9412-29315BDD27A5} = {827E0CD3-B72D-47B6-A68D-7590B98EB39B}
		{712DD703-DC45-4BA0-B186-BA481F77C94E} = {0AB3BF05-4346-4AA6-1389-037BE0695223}
		{2EA36426-0252-4B31-A349-B9688013F4F0} = {0AB3BF05-4346-4AA6-1389-037BE0695223}
	EndGlobalSection
	GlobalSection(ExtensibilityGlobals) = postSolution
		SolutionGuid = {2F95214D-70C7-4D7B-9FED-2AEEFBAB62D3}
	EndGlobalSection
EndGlobal
